
Microsoft Visual Studio Solution File, Format Version 12.00
# Visual Studio Version 17
VisualStudioVersion = 17.3.32811.315
MinimumVisualStudioVersion = 10.0.40219.1
Project("{9A19103F-16F7-4668-BE54-9A1E7A4F7556}") = "Lab1_CW", "Lab1_CW.csproj", "{2344C5E0-488B-46AC-A6FE-34C63DA9A38A}"
EndProject
Project("{9A19103F-16F7-4668-BE54-9A1E7A4F7556}") = "Lab1_HW", "..\Lab1_DH\Lab1_HW.csproj", "{47FDB9B3-A039-4028-AA49-9CE6CD17DE7A}"
EndProject
Global
	GlobalSection(SolutionConfigurationPlatforms) = preSolution
		Debug|Any CPU = Debug|Any CPU
		Release|Any CPU = Release|Any CPU
	EndGlobalSection
	GlobalSection(ProjectConfigurationPlatforms) = postSolution
		{2344C5E0-488B-46AC-A6FE-34C63DA9A38A}.Debug|Any CPU.ActiveCfg = Debug|Any CPU
		{2344C5E0-488B-46AC-A6FE-34C63DA9A38A}.Debug|Any CPU.Build.0 = Debug|Any CPU
		{2344C5E0-488B-46AC-A6FE-34C63DA9A38A}.Release|Any CPU.ActiveCfg = Release|Any CPU
		{2344C5E0-488B-46AC-A6FE-34C63DA9A38A}.Release|Any CPU.Build.0 = Release|Any CPU
		{47FDB9B3-A039-4028-AA49-9CE6CD17DE7A}.Debug|Any CPU.ActiveCfg = Debug|Any CPU
		{47FDB9B3-A039-4028-AA49-9CE6CD17DE7A}.Debug|Any CPU.Build.0 = Debug|Any CPU
		{47FDB9B3-A039-4028-AA49-9CE6CD17DE7A}.Release|Any CPU.ActiveCfg = Release|Any CPU
		{47FDB9B3-A039-4028-AA49-9CE6CD17DE7A}.Release|Any CPU.Build.0 = Release|Any CPU
	EndGlobalSection
	GlobalSection(SolutionProperties) = preSolution
		HideSolutionNode = FALSE
	EndGlobalSection
	GlobalSection(ExtensibilityGlobals) = postSolution
		SolutionGuid = {AE09FDBB-243E-4DA1-9E8D-18F75FA992BB}
	EndGlobalSection
EndGlobal
